
Microsoft Visual Studio Solution File, Format Version 12.00
# Visual Studio Version 17
VisualStudioVersion = 17.5.002.0
MinimumVisualStudioVersion = 10.0.40219.1
Project("{9A19103F-16F7-4668-BE54-9A1E7A4F7556}") = "RedeSocialAPI", "RedeSocialAPI.csproj", "{84D10022-B6A5-4205-93E6-EE02B604B152}"
EndProject
Global
	GlobalSection(SolutionConfigurationPlatforms) = preSolution
		Debug|Any CPU = Debug|Any CPU
		Release|Any CPU = Release|Any CPU
	EndGlobalSection
	GlobalSection(ProjectConfigurationPlatforms) = postSolution
		{84D10022-B6A5-4205-93E6-EE02B604B152}.Debug|Any CPU.ActiveCfg = Debug|Any CPU
		{84D10022-B6A5-4205-93E6-EE02B604B152}.Debug|Any CPU.Build.0 = Debug|Any CPU
		{84D10022-B6A5-4205-93E6-EE02B604B152}.Release|Any CPU.ActiveCfg = Release|Any CPU
		{84D10022-B6A5-4205-93E6-EE02B604B152}.Release|Any CPU.Build.0 = Release|Any CPU
	EndGlobalSection
	GlobalSection(SolutionProperties) = preSolution
		HideSolutionNode = FALSE
	EndGlobalSection
	GlobalSection(ExtensibilityGlobals) = postSolution
		SolutionGuid = {D41304E2-F681-420A-9C43-EC0ED546FA42}
	EndGlobalSection
EndGlobal
